{
  "nodes": {
    "nixpkgs": {
      "locked": {
        "lastModified": 1666493793,
        "narHash": "sha256-MlqfZSXYTBF5AcodZSiFs7ZObAUOsypWFaEEoFAld5o=",
        "owner": "NickCao",
        "repo": "nixpkgs",
        "rev": "71ab908f8e8c3b15df14d98ac010907bcea99975",
        "type": "github"
      },
      "original": {
        "owner": "NickCao",
        "ref": "nixos-unstable-small",
        "repo": "nixpkgs",
        "type": "github"
      }
    },
    "root": {
      "inputs": {
        "nixpkgs": "nixpkgs"
      }
    }
  },
  "root": "root",
  "version": 7
}
