{
  "nodes": {
    "nixpkgs": {
      "locked": {
        "lastModified": 1667794181,
        "narHash": "sha256-5uuC/RK8lzfgYuvtm/4NqFRQVB75dGJseq3oyPfWGJU=",
        "owner": "NickCao",
        "repo": "nixpkgs",
        "rev": "e36fe14e7837fdc9fcd55ca64d0b832222615953",
        "type": "github"
      },
      "original": {
        "owner": "NickCao",
        "ref": "nixos-unstable-small",
        "repo": "nixpkgs",
        "type": "github"
      }
    },
    "root": {
      "inputs": {
        "nixpkgs": "nixpkgs"
      }
    }
  },
  "root": "root",
  "version": 7
}
